
Microsoft Visual Studio Solution File, Format Version 12.00
# Visual Studio Version 16
VisualStudioVersion = 16.0.29911.84
MinimumVisualStudioVersion = 10.0.40219.1
Project("{8BC9CEB8-8B4A-11D0-8D11-00A0C91BC942}") = "ScreenRecorderLib", "ScreenRecorderLib\ScreenRecorderLib.vcxproj", "{B3AE257D-B561-4FCB-AE82-EBCCBF3D20CB}"
EndProject
Project("{FAE04EC0-301F-11D3-BF4B-00C04F79EFBC}") = "TestApp", "TestApp\TestApp.csproj", "{B45B1A90-A9ED-4DAB-A857-E8448D7B6F42}"
EndProject
Project("{2150E333-8FDC-42A3-9474-1A3956D46DE8}") = "Solution Items", "Solution Items", "{3AF1081D-5971-4352-9FA1-CBA5D6EEC773}"
	ProjectSection(SolutionItems) = preProject
		Testmedia\alphatest.png = Testmedia\alphatest.png
		Testmedia\cat.mp4 = Testmedia\cat.mp4
		Testmedia\earth.gif = Testmedia\earth.gif
		Testmedia\giftest.gif = Testmedia\giftest.gif
		Nuget\nuget.exe = Nuget\nuget.exe
		Nuget\pack.cmd = Nuget\pack.cmd
		Testmedia\renault.png = Testmedia\renault.png
		Nuget\ScreenRecorderLib.nuspec = Nuget\ScreenRecorderLib.nuspec
		Nuget\ScreenRecorderLib.targets = Nuget\ScreenRecorderLib.targets
	EndProjectSection
EndProject
Project("{FAE04EC0-301F-11D3-BF4B-00C04F79EFBC}") = "TestConsoleApp", "TestConsoleApp\TestConsoleApp.csproj", "{FDA56BBE-5019-47C5-AF1E-386D123C02E3}"
EndProject
Project("{FAE04EC0-301F-11D3-BF4B-00C04F79EFBC}") = "Tests", "Tests\Tests.csproj", "{7199CBA5-ACDD-4751-B819-F74C5211EDE1}"
EndProject
Project("{8BC9CEB8-8B4A-11D0-8D11-00A0C91BC942}") = "TestConsoleAppCpp", "TestConsoleAppCpp\TestConsoleAppCpp.vcxproj", "{B56F1482-CBEC-4ACA-9B12-2C0C845C5CF9}"
EndProject
Project("{9A19103F-16F7-4668-BE54-9A1E7A4F7556}") = "TestConsoleAppDotNetCore", "TestConsoleAppDotNetCore\TestConsoleAppDotNetCore.csproj", "{84B6CB2B-23DE-431C-A2FF-795F5F68DFD8}"
EndProject
Project("{FAE04EC0-301F-11D3-BF4B-00C04F79EFBC}") = "TestAppWinforms", "TestAppWinforms\TestAppWinforms.csproj", "{551CBE22-2BB4-40A5-AF62-E5334CED17B7}"
EndProject
Project("{8BC9CEB8-8B4A-11D0-8D11-00A0C91BC942}") = "ScreenRecorderLibNative", "ScreenRecorderLibNative\ScreenRecorderLibNative.vcxproj", "{F2652FD6-EAF0-466D-B1CF-A7D19C1540EA}"
EndProject
Project("{9A19103F-16F7-4668-BE54-9A1E7A4F7556}") = "TestConsoleAppStreaming", "TestConsoleAppStreaming\TestConsoleAppStreaming.csproj", "{60237D44-081A-4B63-B4DB-4CC9B77145D4}"
EndProject
Project("{8BC9CEB8-8B4A-11D0-8D11-00A0C91BC942}") = "TestConsoleAppCppStreaming", "TestConsoleAppCppStreaming\TestConsoleAppCppStreaming.vcxproj", "{CD71CA01-4ECE-41AF-BE81-AA1EC5A013A0}"
EndProject
Global
	GlobalSection(SolutionConfigurationPlatforms) = preSolution
		Debug|Any CPU = Debug|Any CPU
		Debug|x64 = Debug|x64
		Debug|x86 = Debug|x86
		Release|Any CPU = Release|Any CPU
		Release|x64 = Release|x64
		Release|x86 = Release|x86
	EndGlobalSection
	GlobalSection(ProjectConfigurationPlatforms) = postSolution
		{B3AE257D-B561-4FCB-AE82-EBCCBF3D20CB}.Debug|Any CPU.ActiveCfg = Debug|Win32
		{B3AE257D-B561-4FCB-AE82-EBCCBF3D20CB}.Debug|x64.ActiveCfg = Debug|x64
		{B3AE257D-B561-4FCB-AE82-EBCCBF3D20CB}.Debug|x64.Build.0 = Debug|x64
		{B3AE257D-B561-4FCB-AE82-EBCCBF3D20CB}.Debug|x86.ActiveCfg = Debug|Win32
		{B3AE257D-B561-4FCB-AE82-EBCCBF3D20CB}.Debug|x86.Build.0 = Debug|Win32
		{B3AE257D-B561-4FCB-AE82-EBCCBF3D20CB}.Release|Any CPU.ActiveCfg = Release|Win32
		{B3AE257D-B561-4FCB-AE82-EBCCBF3D20CB}.Release|x64.ActiveCfg = Release|x64
		{B3AE257D-B561-4FCB-AE82-EBCCBF3D20CB}.Release|x64.Build.0 = Release|x64
		{B3AE257D-B561-4FCB-AE82-EBCCBF3D20CB}.Release|x86.ActiveCfg = Release|Win32
		{B3AE257D-B561-4FCB-AE82-EBCCBF3D20CB}.Release|x86.Build.0 = Release|Win32
		{B45B1A90-A9ED-4DAB-A857-E8448D7B6F42}.Debug|Any CPU.ActiveCfg = Debug|Any CPU
		{B45B1A90-A9ED-4DAB-A857-E8448D7B6F42}.Debug|Any CPU.Build.0 = Debug|Any CPU
		{B45B1A90-A9ED-4DAB-A857-E8448D7B6F42}.Debug|x64.ActiveCfg = Debug|x64
		{B45B1A90-A9ED-4DAB-A857-E8448D7B6F42}.Debug|x64.Build.0 = Debug|x64
		{B45B1A90-A9ED-4DAB-A857-E8448D7B6F42}.Debug|x86.ActiveCfg = Debug|x86
		{B45B1A90-A9ED-4DAB-A857-E8448D7B6F42}.Debug|x86.Build.0 = Debug|x86
		{B45B1A90-A9ED-4DAB-A857-E8448D7B6F42}.Release|Any CPU.ActiveCfg = Release|Any CPU
		{B45B1A90-A9ED-4DAB-A857-E8448D7B6F42}.Release|Any CPU.Build.0 = Release|Any CPU
		{B45B1A90-A9ED-4DAB-A857-E8448D7B6F42}.Release|x64.ActiveCfg = Release|x64
		{B45B1A90-A9ED-4DAB-A857-E8448D7B6F42}.Release|x64.Build.0 = Release|x64
		{B45B1A90-A9ED-4DAB-A857-E8448D7B6F42}.Release|x86.ActiveCfg = Release|x86
		{B45B1A90-A9ED-4DAB-A857-E8448D7B6F42}.Release|x86.Build.0 = Release|x86
		{FDA56BBE-5019-47C5-AF1E-386D123C02E3}.Debug|Any CPU.ActiveCfg = Debug|Any CPU
		{FDA56BBE-5019-47C5-AF1E-386D123C02E3}.Debug|Any CPU.Build.0 = Debug|Any CPU
		{FDA56BBE-5019-47C5-AF1E-386D123C02E3}.Debug|x64.ActiveCfg = Debug|x64
		{FDA56BBE-5019-47C5-AF1E-386D123C02E3}.Debug|x64.Build.0 = Debug|x64
		{FDA56BBE-5019-47C5-AF1E-386D123C02E3}.Debug|x86.ActiveCfg = Debug|x86
		{FDA56BBE-5019-47C5-AF1E-386D123C02E3}.Debug|x86.Build.0 = Debug|x86
		{FDA56BBE-5019-47C5-AF1E-386D123C02E3}.Release|Any CPU.ActiveCfg = Release|Any CPU
		{FDA56BBE-5019-47C5-AF1E-386D123C02E3}.Release|Any CPU.Build.0 = Release|Any CPU
		{FDA56BBE-5019-47C5-AF1E-386D123C02E3}.Release|x64.ActiveCfg = Release|x64
		{FDA56BBE-5019-47C5-AF1E-386D123C02E3}.Release|x64.Build.0 = Release|x64
		{FDA56BBE-5019-47C5-AF1E-386D123C02E3}.Release|x86.ActiveCfg = Release|x86
		{FDA56BBE-5019-47C5-AF1E-386D123C02E3}.Release|x86.Build.0 = Release|x86
		{7199CBA5-ACDD-4751-B819-F74C5211EDE1}.Debug|Any CPU.ActiveCfg = Debug|Any CPU
		{7199CBA5-ACDD-4751-B819-F74C5211EDE1}.Debug|Any CPU.Build.0 = Debug|Any CPU
		{7199CBA5-ACDD-4751-B819-F74C5211EDE1}.Debug|x64.ActiveCfg = Debug|x64
		{7199CBA5-ACDD-4751-B819-F74C5211EDE1}.Debug|x64.Build.0 = Debug|x64
		{7199CBA5-ACDD-4751-B819-F74C5211EDE1}.Debug|x86.ActiveCfg = Debug|x86
		{7199CBA5-ACDD-4751-B819-F74C5211EDE1}.Debug|x86.Build.0 = Debug|x86
		{7199CBA5-ACDD-4751-B819-F74C5211EDE1}.Release|Any CPU.ActiveCfg = Release|Any CPU
		{7199CBA5-ACDD-4751-B819-F74C5211EDE1}.Release|Any CPU.Build.0 = Release|Any CPU
		{7199CBA5-ACDD-4751-B819-F74C5211EDE1}.Release|x64.ActiveCfg = Release|x64
		{7199CBA5-ACDD-4751-B819-F74C5211EDE1}.Release|x64.Build.0 = Release|x64
		{7199CBA5-ACDD-4751-B819-F74C5211EDE1}.Release|x86.ActiveCfg = Release|x86
		{7199CBA5-ACDD-4751-B819-F74C5211EDE1}.Release|x86.Build.0 = Release|x86
		{B56F1482-CBEC-4ACA-9B12-2C0C845C5CF9}.Debug|Any CPU.ActiveCfg = Debug|Win32
		{B56F1482-CBEC-4ACA-9B12-2C0C845C5CF9}.Debug|x64.ActiveCfg = Debug|x64
		{B56F1482-CBEC-4ACA-9B12-2C0C845C5CF9}.Debug|x64.Build.0 = Debug|x64
		{B56F1482-CBEC-4ACA-9B12-2C0C845C5CF9}.Debug|x86.ActiveCfg = Debug|Win32
		{B56F1482-CBEC-4ACA-9B12-2C0C845C5CF9}.Debug|x86.Build.0 = Debug|Win32
		{B56F1482-CBEC-4ACA-9B12-2C0C845C5CF9}.Release|Any CPU.ActiveCfg = Release|Win32
		{B56F1482-CBEC-4ACA-9B12-2C0C845C5CF9}.Release|x64.ActiveCfg = Release|x64
		{B56F1482-CBEC-4ACA-9B12-2C0C845C5CF9}.Release|x64.Build.0 = Release|x64
		{B56F1482-CBEC-4ACA-9B12-2C0C845C5CF9}.Release|x86.ActiveCfg = Release|Win32
		{B56F1482-CBEC-4ACA-9B12-2C0C845C5CF9}.Release|x86.Build.0 = Release|Win32
		{84B6CB2B-23DE-431C-A2FF-795F5F68DFD8}.Debug|Any CPU.ActiveCfg = Debug|Any CPU
		{84B6CB2B-23DE-431C-A2FF-795F5F68DFD8}.Debug|Any CPU.Build.0 = Debug|Any CPU
		{84B6CB2B-23DE-431C-A2FF-795F5F68DFD8}.Debug|x64.ActiveCfg = Debug|x64
		{84B6CB2B-23DE-431C-A2FF-795F5F68DFD8}.Debug|x64.Build.0 = Debug|x64
		{84B6CB2B-23DE-431C-A2FF-795F5F68DFD8}.Debug|x86.ActiveCfg = Debug|x86
		{84B6CB2B-23DE-431C-A2FF-795F5F68DFD8}.Debug|x86.Build.0 = Debug|x86
		{84B6CB2B-23DE-431C-A2FF-795F5F68DFD8}.Release|Any CPU.ActiveCfg = Release|Any CPU
		{84B6CB2B-23DE-431C-A2FF-795F5F68DFD8}.Release|Any CPU.Build.0 = Release|Any CPU
		{84B6CB2B-23DE-431C-A2FF-795F5F68DFD8}.Release|x64.ActiveCfg = Release|x64
		{84B6CB2B-23DE-431C-A2FF-795F5F68DFD8}.Release|x64.Build.0 = Release|x64
		{84B6CB2B-23DE-431C-A2FF-795F5F68DFD8}.Release|x86.ActiveCfg = Release|x86
		{84B6CB2B-23DE-431C-A2FF-795F5F68DFD8}.Release|x86.Build.0 = Release|x86
		{551CBE22-2BB4-40A5-AF62-E5334CED17B7}.Debug|Any CPU.ActiveCfg = Debug|Any CPU
		{551CBE22-2BB4-40A5-AF62-E5334CED17B7}.Debug|Any CPU.Build.0 = Debug|Any CPU
		{551CBE22-2BB4-40A5-AF62-E5334CED17B7}.Debug|x64.ActiveCfg = Debug|x64
		{551CBE22-2BB4-40A5-AF62-E5334CED17B7}.Debug|x64.Build.0 = Debug|x64
		{551CBE22-2BB4-40A5-AF62-E5334CED17B7}.Debug|x86.ActiveCfg = Debug|x86
		{551CBE22-2BB4-40A5-AF62-E5334CED17B7}.Debug|x86.Build.0 = Debug|x86
		{551CBE22-2BB4-40A5-AF62-E5334CED17B7}.Release|Any CPU.ActiveCfg = Release|Any CPU
		{551CBE22-2BB4-40A5-AF62-E5334CED17B7}.Release|Any CPU.Build.0 = Release|Any CPU
		{551CBE22-2BB4-40A5-AF62-E5334CED17B7}.Release|x64.ActiveCfg = Release|x64
		{551CBE22-2BB4-40A5-AF62-E5334CED17B7}.Release|x64.Build.0 = Release|x64
		{551CBE22-2BB4-40A5-AF62-E5334CED17B7}.Release|x86.ActiveCfg = Release|x86
		{551CBE22-2BB4-40A5-AF62-E5334CED17B7}.Release|x86.Build.0 = Release|x86
		{F2652FD6-EAF0-466D-B1CF-A7D19C1540EA}.Debug|Any CPU.ActiveCfg = Debug|Win32
		{F2652FD6-EAF0-466D-B1CF-A7D19C1540EA}.Debug|x64.ActiveCfg = Debug|x64
		{F2652FD6-EAF0-466D-B1CF-A7D19C1540EA}.Debug|x64.Build.0 = Debug|x64
		{F2652FD6-EAF0-466D-B1CF-A7D19C1540EA}.Debug|x86.ActiveCfg = Debug|Win32
		{F2652FD6-EAF0-466D-B1CF-A7D19C1540EA}.Debug|x86.Build.0 = Debug|Win32
		{F2652FD6-EAF0-466D-B1CF-A7D19C1540EA}.Release|Any CPU.ActiveCfg = Release|Win32
		{F2652FD6-EAF0-466D-B1CF-A7D19C1540EA}.Release|x64.ActiveCfg = Release|x64
		{F2652FD6-EAF0-466D-B1CF-A7D19C1540EA}.Release|x64.Build.0 = Release|x64
		{F2652FD6-EAF0-466D-B1CF-A7D19C1540EA}.Release|x86.ActiveCfg = Release|Win32
		{F2652FD6-EAF0-466D-B1CF-A7D19C1540EA}.Release|x86.Build.0 = Release|Win32
		{60237D44-081A-4B63-B4DB-4CC9B77145D4}.Debug|Any CPU.ActiveCfg = Debug|Any CPU
		{60237D44-081A-4B63-B4DB-4CC9B77145D4}.Debug|Any CPU.Build.0 = Debug|Any CPU
		{60237D44-081A-4B63-B4DB-4CC9B77145D4}.Debug|x64.ActiveCfg = Debug|x64
		{60237D44-081A-4B63-B4DB-4CC9B77145D4}.Debug|x64.Build.0 = Debug|x64
		{60237D44-081A-4B63-B4DB-4CC9B77145D4}.Debug|x86.ActiveCfg = Debug|x86
		{60237D44-081A-4B63-B4DB-4CC9B77145D4}.Debug|x86.Build.0 = Debug|x86
		{60237D44-081A-4B63-B4DB-4CC9B77145D4}.Release|Any CPU.ActiveCfg = Release|Any CPU
		{60237D44-081A-4B63-B4DB-4CC9B77145D4}.Release|Any CPU.Build.0 = Release|Any CPU
		{60237D44-081A-4B63-B4DB-4CC9B77145D4}.Release|x64.ActiveCfg = Release|x64
		{60237D44-081A-4B63-B4DB-4CC9B77145D4}.Release|x64.Build.0 = Release|x64
		{60237D44-081A-4B63-B4DB-4CC9B77145D4}.Release|x86.ActiveCfg = Release|x86
		{60237D44-081A-4B63-B4DB-4CC9B77145D4}.Release|x86.Build.0 = Release|x86
		{CD71CA01-4ECE-41AF-BE81-AA1EC5A013A0}.Debug|Any CPU.ActiveCfg = Debug|Win32
		{CD71CA01-4ECE-41AF-BE81-AA1EC5A013A0}.Debug|x64.ActiveCfg = Debug|x64
		{CD71CA01-4ECE-41AF-BE81-AA1EC5A013A0}.Debug|x64.Build.0 = Debug|x64
		{CD71CA01-4ECE-41AF-BE81-AA1EC5A013A0}.Debug|x86.ActiveCfg = Debug|Win32
		{CD71CA01-4ECE-41AF-BE81-AA1EC5A013A0}.Debug|x86.Build.0 = Debug|Win32
		{CD71CA01-4ECE-41AF-BE81-AA1EC5A013A0}.Release|Any CPU.ActiveCfg = Release|Win32
		{CD71CA01-4ECE-41AF-BE81-AA1EC5A013A0}.Release|x64.ActiveCfg = Release|x64
		{CD71CA01-4ECE-41AF-BE81-AA1EC5A013A0}.Release|x64.Build.0 = Release|x64
		{CD71CA01-4ECE-41AF-BE81-AA1EC5A013A0}.Release|x86.ActiveCfg = Release|Win32
		{CD71CA01-4ECE-41AF-BE81-AA1EC5A013A0}.Release|x86.Build.0 = Release|Win32
	EndGlobalSection
	GlobalSection(SolutionProperties) = preSolution
		HideSolutionNode = FALSE
	EndGlobalSection
	GlobalSection(ExtensibilityGlobals) = postSolution
		SolutionGuid = {193504EA-E90F-4C7F-88B0-60303951D5C9}
	EndGlobalSection
EndGlobal
